// !$*UTF8*$!
{
	archiveVersion = 1;
	classes = {
	};
	objectVersion = 46;
	objects = {

/* Begin PBXBuildFile section */
		5803CF851802195A00ABDE8E /* Foundation.framework in Frameworks */ = {isa = PBXBuildFile; fileRef = 5803CF841802195A00ABDE8E /* Foundation.framework */; };
		5803CF871802195A00ABDE8E /* CoreGraphics.framework in Frameworks */ = {isa = PBXBuildFile; fileRef = 5803CF861802195A00ABDE8E /* CoreGraphics.framework */; };
		5803CF891802195A00ABDE8E /* UIKit.framework in Frameworks */ = {isa = PBXBuildFile; fileRef = 5803CF881802195A00ABDE8E /* UIKit.framework */; };
		5803CF8F1802195A00ABDE8E /* InfoPlist.strings in Resources */ = {isa = PBXBuildFile; fileRef = 5803CF8D1802195A00ABDE8E /* InfoPlist.strings */; };
		5803CF911802195A00ABDE8E /* main.m in Sources */ = {isa = PBXBuildFile; fileRef = 5803CF901802195A00ABDE8E /* main.m */; };
		5803CF951802195A00ABDE8E /* HDAppDelegate.m in Sources */ = {isa = PBXBuildFile; fileRef = 5803CF941802195A00ABDE8E /* HDAppDelegate.m */; };
		5803CF971802195A00ABDE8E /* Images.xcassets in Resources */ = {isa = PBXBuildFile; fileRef = 5803CF961802195A00ABDE8E /* Images.xcassets */; };
		5803CF9E1802195A00ABDE8E /* XCTest.framework in Frameworks */ = {isa = PBXBuildFile; fileRef = 5803CF9D1802195A00ABDE8E /* XCTest.framework */; };
		5803CF9F1802195A00ABDE8E /* Foundation.framework in Frameworks */ = {isa = PBXBuildFile; fileRef = 5803CF841802195A00ABDE8E /* Foundation.framework */; };
		5803CFA01802195A00ABDE8E /* UIKit.framework in Frameworks */ = {isa = PBXBuildFile; fileRef = 5803CF881802195A00ABDE8E /* UIKit.framework */; };
		5803CFA81802195A00ABDE8E /* InfoPlist.strings in Resources */ = {isa = PBXBuildFile; fileRef = 5803CFA61802195A00ABDE8E /* InfoPlist.strings */; };
		5803CFAA1802195A00ABDE8E /* HamDigTests.m in Sources */ = {isa = PBXBuildFile; fileRef = 5803CFA91802195A00ABDE8E /* HamDigTests.m */; };
		5803CFB418021BB200ABDE8E /* Storyboard.storyboard in Resources */ = {isa = PBXBuildFile; fileRef = 5803CFB318021BB200ABDE8E /* Storyboard.storyboard */; };
		580D887E1814A0C6000A5240 /* HDViewController.m in Sources */ = {isa = PBXBuildFile; fileRef = 580D887D1814A0C6000A5240 /* HDViewController.m */; };
/* End PBXBuildFile section */

/* Begin PBXContainerItemProxy section */
		5803CFA11802195A00ABDE8E /* PBXContainerItemProxy */ = {
			isa = PBXContainerItemProxy;
			containerPortal = 5803CF791802195A00ABDE8E /* Project object */;
			proxyType = 1;
			remoteGlobalIDString = 5803CF801802195A00ABDE8E;
			remoteInfo = HamDig;
		};
/* End PBXContainerItemProxy section */

/* Begin PBXFileReference section */
		5803CF811802195A00ABDE8E /* HamDig.app */ = {isa = PBXFileReference; explicitFileType = wrapper.application; includeInIndex = 0; path = HamDig.app; sourceTree = BUILT_PRODUCTS_DIR; };
		5803CF841802195A00ABDE8E /* Foundation.framework */ = {isa = PBXFileReference; lastKnownFileType = wrapper.framework; name = Foundation.framework; path = System/Library/Frameworks/Foundation.framework; sourceTree = SDKROOT; };
		5803CF861802195A00ABDE8E /* CoreGraphics.framework */ = {isa = PBXFileReference; lastKnownFileType = wrapper.framework; name = CoreGraphics.framework; path = System/Library/Frameworks/CoreGraphics.framework; sourceTree = SDKROOT; };
		5803CF881802195A00ABDE8E /* UIKit.framework */ = {isa = PBXFileReference; lastKnownFileType = wrapper.framework; name = UIKit.framework; path = System/Library/Frameworks/UIKit.framework; sourceTree = SDKROOT; };
		5803CF8C1802195A00ABDE8E /* HamDig-Info.plist */ = {isa = PBXFileReference; lastKnownFileType = text.plist.xml; path = "HamDig-Info.plist"; sourceTree = "<group>"; };
		5803CF8E1802195A00ABDE8E /* en */ = {isa = PBXFileReference; lastKnownFileType = text.plist.strings; name = en; path = en.lproj/InfoPlist.strings; sourceTree = "<group>"; };
		5803CF901802195A00ABDE8E /* main.m */ = {isa = PBXFileReference; lastKnownFileType = sourcecode.c.objc; path = main.m; sourceTree = "<group>"; };
		5803CF921802195A00ABDE8E /* HamDig-Prefix.pch */ = {isa = PBXFileReference; lastKnownFileType = sourcecode.c.h; path = "HamDig-Prefix.pch"; sourceTree = "<group>"; };
		5803CF931802195A00ABDE8E /* HDAppDelegate.h */ = {isa = PBXFileReference; lastKnownFileType = sourcecode.c.h; path = HDAppDelegate.h; sourceTree = "<group>"; };
		5803CF941802195A00ABDE8E /* HDAppDelegate.m */ = {isa = PBXFileReference; lastKnownFileType = sourcecode.c.objc; path = HDAppDelegate.m; sourceTree = "<group>"; };
		5803CF961802195A00ABDE8E /* Images.xcassets */ = {isa = PBXFileReference; lastKnownFileType = folder.assetcatalog; path = Images.xcassets; sourceTree = "<group>"; };
		5803CF9C1802195A00ABDE8E /* HamDigTests.xctest */ = {isa = PBXFileReference; explicitFileType = wrapper.cfbundle; includeInIndex = 0; path = HamDigTests.xctest; sourceTree = BUILT_PRODUCTS_DIR; };
		5803CF9D1802195A00ABDE8E /* XCTest.framework */ = {isa = PBXFileReference; lastKnownFileType = wrapper.framework; name = XCTest.framework; path = Library/Frameworks/XCTest.framework; sourceTree = DEVELOPER_DIR; };
		5803CFA51802195A00ABDE8E /* HamDigTests-Info.plist */ = {isa = PBXFileReference; lastKnownFileType = text.plist.xml; path = "HamDigTests-Info.plist"; sourceTree = "<group>"; };
		5803CFA71802195A00ABDE8E /* en */ = {isa = PBXFileReference; lastKnownFileType = text.plist.strings; name = en; path = en.lproj/InfoPlist.strings; sourceTree = "<group>"; };
		5803CFA91802195A00ABDE8E /* HamDigTests.m */ = {isa = PBXFileReference; lastKnownFileType = sourcecode.c.objc; path = HamDigTests.m; sourceTree = "<group>"; };
		5803CFB318021BB200ABDE8E /* Storyboard.storyboard */ = {isa = PBXFileReference; fileEncoding = 4; lastKnownFileType = file.storyboard; path = Storyboard.storyboard; sourceTree = "<group>"; };
		580D887C1814A0C6000A5240 /* HDViewController.h */ = {isa = PBXFileReference; fileEncoding = 4; lastKnownFileType = sourcecode.c.h; path = HDViewController.h; sourceTree = "<group>"; };
		580D887D1814A0C6000A5240 /* HDViewController.m */ = {isa = PBXFileReference; fileEncoding = 4; lastKnownFileType = sourcecode.c.objc; path = HDViewController.m; sourceTree = "<group>"; };
/* End PBXFileReference section */

/* Begin PBXFrameworksBuildPhase section */
		5803CF7E1802195A00ABDE8E /* Frameworks */ = {
			isa = PBXFrameworksBuildPhase;
			buildActionMask = 2147483647;
			files = (
				5803CF871802195A00ABDE8E /* CoreGraphics.framework in Frameworks */,
				5803CF891802195A00ABDE8E /* UIKit.framework in Frameworks */,
				5803CF851802195A00ABDE8E /* Foundation.framework in Frameworks */,
			);
			runOnlyForDeploymentPostprocessing = 0;
		};
		5803CF991802195A00ABDE8E /* Frameworks */ = {
			isa = PBXFrameworksBuildPhase;
			buildActionMask = 2147483647;
			files = (
				5803CF9E1802195A00ABDE8E /* XCTest.framework in Frameworks */,
				5803CFA01802195A00ABDE8E /* UIKit.framework in Frameworks */,
				5803CF9F1802195A00ABDE8E /* Foundation.framework in Frameworks */,
			);
			runOnlyForDeploymentPostprocessing = 0;
		};
/* End PBXFrameworksBuildPhase section */

/* Begin PBXGroup section */
		5803CF781802195A00ABDE8E = {
			isa = PBXGroup;
			children = (
				5803CF8A1802195A00ABDE8E /* HamDig */,
				5803CFA31802195A00ABDE8E /* HamDigTests */,
				5803CF831802195A00ABDE8E /* Frameworks */,
				5803CF821802195A00ABDE8E /* Products */,
			);
			sourceTree = "<group>";
		};
		5803CF821802195A00ABDE8E /* Products */ = {
			isa = PBXGroup;
			children = (
				5803CF811802195A00ABDE8E /* HamDig.app */,
				5803CF9C1802195A00ABDE8E /* HamDigTests.xctest */,
			);
			name = Products;
			sourceTree = "<group>";
		};
		5803CF831802195A00ABDE8E /* Frameworks */ = {
			isa = PBXGroup;
			children = (
				5803CF841802195A00ABDE8E /* Foundation.framework */,
				5803CF861802195A00ABDE8E /* CoreGraphics.framework */,
				5803CF881802195A00ABDE8E /* UIKit.framework */,
				5803CF9D1802195A00ABDE8E /* XCTest.framework */,
			);
			name = Frameworks;
			sourceTree = "<group>";
		};
		5803CF8A1802195A00ABDE8E /* HamDig */ = {
			isa = PBXGroup;
			children = (
				5803CF931802195A00ABDE8E /* HDAppDelegate.h */,
				5803CFB318021BB200ABDE8E /* Storyboard.storyboard */,
				580D887C1814A0C6000A5240 /* HDViewController.h */,
				580D887D1814A0C6000A5240 /* HDViewController.m */,
				5803CF941802195A00ABDE8E /* HDAppDelegate.m */,
				5803CF961802195A00ABDE8E /* Images.xcassets */,
				5803CF8B1802195A00ABDE8E /* Supporting Files */,
			);
			path = HamDig;
			sourceTree = "<group>";
		};
		5803CF8B1802195A00ABDE8E /* Supporting Files */ = {
			isa = PBXGroup;
			children = (
				5803CF8C1802195A00ABDE8E /* HamDig-Info.plist */,
				5803CF8D1802195A00ABDE8E /* InfoPlist.strings */,
				5803CF901802195A00ABDE8E /* main.m */,
				5803CF921802195A00ABDE8E /* HamDig-Prefix.pch */,
			);
			name = "Supporting Files";
			sourceTree = "<group>";
		};
		5803CFA31802195A00ABDE8E /* HamDigTests */ = {
			isa = PBXGroup;
			children = (
				5803CFA91802195A00ABDE8E /* HamDigTests.m */,
				5803CFA41802195A00ABDE8E /* Supporting Files */,
			);
			path = HamDigTests;
			sourceTree = "<group>";
		};
		5803CFA41802195A00ABDE8E /* Supporting Files */ = {
			isa = PBXGroup;
			children = (
				5803CFA51802195A00ABDE8E /* HamDigTests-Info.plist */,
				5803CFA61802195A00ABDE8E /* InfoPlist.strings */,
			);
			name = "Supporting Files";
			sourceTree = "<group>";
		};
/* End PBXGroup section */

/* Begin PBXNativeTarget section */
		5803CF801802195A00ABDE8E /* HamDig */ = {
			isa = PBXNativeTarget;
			buildConfigurationList = 5803CFAD1802195A00ABDE8E /* Build configuration list for PBXNativeTarget "HamDig" */;
			buildPhases = (
				5803CF7D1802195A00ABDE8E /* Sources */,
				5803CF7E1802195A00ABDE8E /* Frameworks */,
				5803CF7F1802195A00ABDE8E /* Resources */,
			);
			buildRules = (
			);
			dependencies = (
			);
			name = HamDig;
			productName = HamDig;
			productReference = 5803CF811802195A00ABDE8E /* HamDig.app */;
			productType = "com.apple.product-type.application";
		};
		5803CF9B1802195A00ABDE8E /* HamDigTests */ = {
			isa = PBXNativeTarget;
			buildConfigurationList = 5803CFB01802195A00ABDE8E /* Build configuration list for PBXNativeTarget "HamDigTests" */;
			buildPhases = (
				5803CF981802195A00ABDE8E /* Sources */,
				5803CF991802195A00ABDE8E /* Frameworks */,
				5803CF9A1802195A00ABDE8E /* Resources */,
			);
			buildRules = (
			);
			dependencies = (
				5803CFA21802195A00ABDE8E /* PBXTargetDependency */,
			);
			name = HamDigTests;
			productName = HamDigTests;
			productReference = 5803CF9C1802195A00ABDE8E /* HamDigTests.xctest */;
			productType = "com.apple.product-type.bundle.unit-test";
		};
/* End PBXNativeTarget section */

/* Begin PBXProject section */
		5803CF791802195A00ABDE8E /* Project object */ = {
			isa = PBXProject;
			attributes = {
				CLASSPREFIX = HD;
				LastUpgradeCheck = 0500;
				ORGANIZATIONNAME = "Hamilton College";
				TargetAttributes = {
					5803CF801802195A00ABDE8E = {
						DevelopmentTeam = 395E3866XH;
					};
					5803CF9B1802195A00ABDE8E = {
						TestTargetID = 5803CF801802195A00ABDE8E;
					};
				};
			};
			buildConfigurationList = 5803CF7C1802195A00ABDE8E /* Build configuration list for PBXProject "HamDig" */;
			compatibilityVersion = "Xcode 3.2";
			developmentRegion = English;
			hasScannedForEncodings = 0;
			knownRegions = (
				en,
			);
			mainGroup = 5803CF781802195A00ABDE8E;
			productRefGroup = 5803CF821802195A00ABDE8E /* Products */;
			projectDirPath = "";
			projectRoot = "";
			targets = (
				5803CF801802195A00ABDE8E /* HamDig */,
				5803CF9B1802195A00ABDE8E /* HamDigTests */,
			);
		};
/* End PBXProject section */

/* Begin PBXResourcesBuildPhase section */
		5803CF7F1802195A00ABDE8E /* Resources */ = {
			isa = PBXResourcesBuildPhase;
			buildActionMask = 2147483647;
			files = (
				5803CF8F1802195A00ABDE8E /* InfoPlist.strings in Resources */,
				5803CF971802195A00ABDE8E /* Images.xcassets in Resources */,
				5803CFB418021BB200ABDE8E /* Storyboard.storyboard in Resources */,
			);
			runOnlyForDeploymentPostprocessing = 0;
		};
		5803CF9A1802195A00ABDE8E /* Resources */ = {
			isa = PBXResourcesBuildPhase;
			buildActionMask = 2147483647;
			files = (
				5803CFA81802195A00ABDE8E /* InfoPlist.strings in Resources */,
			);
			runOnlyForDeploymentPostprocessing = 0;
		};
/* End PBXResourcesBuildPhase section */

/* Begin PBXSourcesBuildPhase section */
		5803CF7D1802195A00ABDE8E /* Sources */ = {
			isa = PBXSourcesBuildPhase;
			buildActionMask = 2147483647;
			files = (
				580D887E1814A0C6000A5240 /* HDViewController.m in Sources */,
				5803CF951802195A00ABDE8E /* HDAppDelegate.m in Sources */,
				5803CF911802195A00ABDE8E /* main.m in Sources */,
			);
			runOnlyForDeploymentPostprocessing = 0;
		};
		5803CF981802195A00ABDE8E /* Sources */ = {
			isa = PBXSourcesBuildPhase;
			buildActionMask = 2147483647;
			files = (
				5803CFAA1802195A00ABDE8E /* HamDigTests.m in Sources */,
			);
			runOnlyForDeploymentPostprocessing = 0;
		};
/* End PBXSourcesBuildPhase section */

/* Begin PBXTargetDependency section */
		5803CFA21802195A00ABDE8E /* PBXTargetDependency */ = {
			isa = PBXTargetDependency;
			target = 5803CF801802195A00ABDE8E /* HamDig */;
			targetProxy = 5803CFA11802195A00ABDE8E /* PBXContainerItemProxy */;
		};
/* End PBXTargetDependency section */

/* Begin PBXVariantGroup section */
		5803CF8D1802195A00ABDE8E /* InfoPlist.strings */ = {
			isa = PBXVariantGroup;
			children = (
				5803CF8E1802195A00ABDE8E /* en */,
			);
			name = InfoPlist.strings;
			sourceTree = "<group>";
		};
		5803CFA61802195A00ABDE8E /* InfoPlist.strings */ = {
			isa = PBXVariantGroup;
			children = (
				5803CFA71802195A00ABDE8E /* en */,
			);
			name = InfoPlist.strings;
			sourceTree = "<group>";
		};
/* End PBXVariantGroup section */

/* Begin XCBuildConfiguration section */
		5803CFAB1802195A00ABDE8E /* Debug */ = {
			isa = XCBuildConfiguration;
			buildSettings = {
				ALWAYS_SEARCH_USER_PATHS = NO;
				ARCHS = "$(ARCHS_STANDARD_INCLUDING_64_BIT)";
				CLANG_CXX_LANGUAGE_STANDARD = "gnu++0x";
				CLANG_CXX_LIBRARY = "libc++";
				CLANG_ENABLE_MODULES = YES;
				CLANG_ENABLE_OBJC_ARC = YES;
				CLANG_WARN_BOOL_CONVERSION = YES;
				CLANG_WARN_CONSTANT_CONVERSION = YES;
				CLANG_WARN_DIRECT_OBJC_ISA_USAGE = YES_ERROR;
				CLANG_WARN_EMPTY_BODY = YES;
				CLANG_WARN_ENUM_CONVERSION = YES;
				CLANG_WARN_INT_CONVERSION = YES;
				CLANG_WARN_OBJC_ROOT_CLASS = YES_ERROR;
				CLANG_WARN__DUPLICATE_METHOD_MATCH = YES;
				"CODE_SIGN_IDENTITY[sdk=iphoneos*]" = "iPhone Developer";
				COPY_PHASE_STRIP = NO;
				GCC_C_LANGUAGE_STANDARD = gnu99;
				GCC_DYNAMIC_NO_PIC = NO;
				GCC_OPTIMIZATION_LEVEL = 0;
				GCC_PREPROCESSOR_DEFINITIONS = (
					"DEBUG=1",
					"$(inherited)",
				);
				GCC_SYMBOLS_PRIVATE_EXTERN = NO;
				GCC_WARN_64_TO_32_BIT_CONVERSION = YES;
				GCC_WARN_ABOUT_RETURN_TYPE = YES_ERROR;
				GCC_WARN_UNDECLARED_SELECTOR = YES;
				GCC_WARN_UNINITIALIZED_AUTOS = YES;
				GCC_WARN_UNUSED_FUNCTION = YES;
				GCC_WARN_UNUSED_VARIABLE = YES;
				IPHONEOS_DEPLOYMENT_TARGET = 7.0;
				ONLY_ACTIVE_ARCH = YES;
				SDKROOT = iphoneos;
				TARGETED_DEVICE_FAMILY = 2;
			};
			name = Debug;
		};
		5803CFAC1802195A00ABDE8E /* Release */ = {
			isa = XCBuildConfiguration;
			buildSettings = {
				ALWAYS_SEARCH_USER_PATHS = NO;
				ARCHS = "$(ARCHS_STANDARD_INCLUDING_64_BIT)";
				CLANG_CXX_LANGUAGE_STANDARD = "gnu++0x";
				CLANG_CXX_LIBRARY = "libc++";
				CLANG_ENABLE_MODULES = YES;
				CLANG_ENABLE_OBJC_ARC = YES;
				CLANG_WARN_BOOL_CONVERSION = YES;
				CLANG_WARN_CONSTANT_CONVERSION = YES;
				CLANG_WARN_DIRECT_OBJC_ISA_USAGE = YES_ERROR;
				CLANG_WARN_EMPTY_BODY = YES;
				CLANG_WARN_ENUM_CONVERSION = YES;
				CLANG_WARN_INT_CONVERSION = YES;
				CLANG_WARN_OBJC_ROOT_CLASS = YES_ERROR;
				CLANG_WARN__DUPLICATE_METHOD_MATCH = YES;
				"CODE_SIGN_IDENTITY[sdk=iphoneos*]" = "iPhone Developer";
				COPY_PHASE_STRIP = YES;
				ENABLE_NS_ASSERTIONS = NO;
				GCC_C_LANGUAGE_STANDARD = gnu99;
				GCC_WARN_64_TO_32_BIT_CONVERSION = YES;
				GCC_WARN_ABOUT_RETURN_TYPE = YES_ERROR;
				GCC_WARN_UNDECLARED_SELECTOR = YES;
				GCC_WARN_UNINITIALIZED_AUTOS = YES;
				GCC_WARN_UNUSED_FUNCTION = YES;
				GCC_WARN_UNUSED_VARIABLE = YES;
				IPHONEOS_DEPLOYMENT_TARGET = 7.0;
				SDKROOT = iphoneos;
				TARGETED_DEVICE_FAMILY = 2;
				VALIDATE_PRODUCT = YES;
			};
			name = Release;
		};
		5803CFAE1802195A00ABDE8E /* Debug */ = {
			isa = XCBuildConfiguration;
			buildSettings = {
				ASSETCATALOG_COMPILER_APPICON_NAME = AppIcon;
				ASSETCATALOG_COMPILER_LAUNCHIMAGE_NAME = LaunchImage;
				CODE_SIGN_IDENTITY = "iPhone Developer";
				"CODE_SIGN_IDENTITY[sdk=iphoneos*]" = "iPhone Developer";
				GCC_PRECOMPILE_PREFIX_HEADER = YES;
				GCC_PREFIX_HEADER = "HamDig/HamDig-Prefix.pch";
				INFOPLIST_FILE = "HamDig/HamDig-Info.plist";
				PRODUCT_NAME = "$(TARGET_NAME)";
				PROVISIONING_PROFILE = "";
				WRAPPER_EXTENSION = app;
			};
			name = Debug;
		};
		5803CFAF1802195A00ABDE8E /* Release */ = {
			isa = XCBuildConfiguration;
			buildSettings = {
				ASSETCATALOG_COMPILER_APPICON_NAME = AppIcon;
				ASSETCATALOG_COMPILER_LAUNCHIMAGE_NAME = LaunchImage;
				CODE_SIGN_IDENTITY = "iPhone Developer";
				"CODE_SIGN_IDENTITY[sdk=iphoneos*]" = "iPhone Developer";
				GCC_PRECOMPILE_PREFIX_HEADER = YES;
				GCC_PREFIX_HEADER = "HamDig/HamDig-Prefix.pch";
				INFOPLIST_FILE = "HamDig/HamDig-Info.plist";
				PRODUCT_NAME = "$(TARGET_NAME)";
				PROVISIONING_PROFILE = "";
				WRAPPER_EXTENSION = app;
			};
			name = Release;
		};
		5803CFB11802195A00ABDE8E /* Debug */ = {
			isa = XCBuildConfiguration;
			buildSettings = {
				ARCHS = "$(ARCHS_STANDARD_INCLUDING_64_BIT)";
				BUNDLE_LOADER = "$(BUILT_PRODUCTS_DIR)/HamDig.app/HamDig";
				FRAMEWORK_SEARCH_PATHS = (
					"$(SDKROOT)/Developer/Library/Frameworks",
					"$(inherited)",
					"$(DEVELOPER_FRAMEWORKS_DIR)",
				);
				GCC_PRECOMPILE_PREFIX_HEADER = YES;
				GCC_PREFIX_HEADER = "HamDig/HamDig-Prefix.pch";
				GCC_PREPROCESSOR_DEFINITIONS = (
					"DEBUG=1",
					"$(inherited)",
				);
				INFOPLIST_FILE = "HamDigTests/HamDigTests-Info.plist";
				PRODUCT_NAME = "$(TARGET_NAME)";
				TEST_HOST = "$(BUNDLE_LOADER)";
				WRAPPER_EXTENSION = xctest;
			};
			name = Debug;
		};
		5803CFB21802195A00ABDE8E /* Release */ = {
			isa = XCBuildConfiguration;
			buildSettings = {
				ARCHS = "$(ARCHS_STANDARD_INCLUDING_64_BIT)";
				BUNDLE_LOADER = "$(BUILT_PRODUCTS_DIR)/HamDig.app/HamDig";
				FRAMEWORK_SEARCH_PATHS = (
					"$(SDKROOT)/Developer/Library/Frameworks",
					"$(inherited)",
					"$(DEVELOPER_FRAMEWORKS_DIR)",
				);
				GCC_PRECOMPILE_PREFIX_HEADER = YES;
				GCC_PREFIX_HEADER = "HamDig/HamDig-Prefix.pch";
				INFOPLIST_FILE = "HamDigTests/HamDigTests-Info.plist";
				PRODUCT_NAME = "$(TARGET_NAME)";
				TEST_HOST = "$(BUNDLE_LOADER)";
				WRAPPER_EXTENSION = xctest;
			};
			name = Release;
		};
/* End XCBuildConfiguration section */

/* Begin XCConfigurationList section */
		5803CF7C1802195A00ABDE8E /* Build configuration list for PBXProject "HamDig" */ = {
			isa = XCConfigurationList;
			buildConfigurations = (
				5803CFAB1802195A00ABDE8E /* Debug */,
				5803CFAC1802195A00ABDE8E /* Release */,
			);
			defaultConfigurationIsVisible = 0;
			defaultConfigurationName = Release;
		};
		5803CFAD1802195A00ABDE8E /* Build configuration list for PBXNativeTarget "HamDig" */ = {
			isa = XCConfigurationList;
			buildConfigurations = (
				5803CFAE1802195A00ABDE8E /* Debug */,
				5803CFAF1802195A00ABDE8E /* Release */,
			);
			defaultConfigurationIsVisible = 0;
			defaultConfigurationName = Release;
		};
		5803CFB01802195A00ABDE8E /* Build configuration list for PBXNativeTarget "HamDigTests" */ = {
			isa = XCConfigurationList;
			buildConfigurations = (
				5803CFB11802195A00ABDE8E /* Debug */,
				5803CFB21802195A00ABDE8E /* Release */,
			);
			defaultConfigurationIsVisible = 0;
			defaultConfigurationName = Release;
		};
/* End XCConfigurationList section */
	};
	rootObject = 5803CF791802195A00ABDE8E /* Project object */;
}
