// !$*UTF8*$!
{
	archiveVersion = 1;
	classes = {
	};
	objectVersion = 46;
	objects = {

/* Begin PBXBuildFile section */
		244B60871820A2DD0043C0B5 /* HDCulturalMaterialsViewController.m in Sources */ = {isa = PBXBuildFile; fileRef = 244B60861820A2DD0043C0B5 /* HDCulturalMaterialsViewController.m */; };
		244B608B1820A9E40043C0B5 /* HDPlanDrawingViewController.m in Sources */ = {isa = PBXBuildFile; fileRef = 244B608A1820A9E40043C0B5 /* HDPlanDrawingViewController.m */; };
		24E311BE18204BA400549078 /* HDLevelFormObject.m in Sources */ = {isa = PBXBuildFile; fileRef = 24E311BD18204BA400549078 /* HDLevelFormObject.m */; };
		24E311C11820521500549078 /* HDProvenienceDataViewController.m in Sources */ = {isa = PBXBuildFile; fileRef = 24E311C01820521500549078 /* HDProvenienceDataViewController.m */; };
		24E311C4182053ED00549078 /* HDNarrativeViewController.m in Sources */ = {isa = PBXBuildFile; fileRef = 24E311C3182053ED00549078 /* HDNarrativeViewController.m */; };
		24E311C71820597800549078 /* HDViewControllerSavingAppDelegate.m in Sources */ = {isa = PBXBuildFile; fileRef = 24E311C61820597800549078 /* HDViewControllerSavingAppDelegate.m */; };
		24E311CB1820617E00549078 /* HDLFObject.m in Sources */ = {isa = PBXBuildFile; fileRef = 24E311CA1820617E00549078 /* HDLFObject.m */; };
		5803CF851802195A00ABDE8E /* Foundation.framework in Frameworks */ = {isa = PBXBuildFile; fileRef = 5803CF841802195A00ABDE8E /* Foundation.framework */; };
		5803CF871802195A00ABDE8E /* CoreGraphics.framework in Frameworks */ = {isa = PBXBuildFile; fileRef = 5803CF861802195A00ABDE8E /* CoreGraphics.framework */; };
		5803CF891802195A00ABDE8E /* UIKit.framework in Frameworks */ = {isa = PBXBuildFile; fileRef = 5803CF881802195A00ABDE8E /* UIKit.framework */; };
		5803CF8F1802195A00ABDE8E /* InfoPlist.strings in Resources */ = {isa = PBXBuildFile; fileRef = 5803CF8D1802195A00ABDE8E /* InfoPlist.strings */; };
		5803CF911802195A00ABDE8E /* main.m in Sources */ = {isa = PBXBuildFile; fileRef = 5803CF901802195A00ABDE8E /* main.m */; };
		5803CF951802195A00ABDE8E /* HDAppDelegate.m in Sources */ = {isa = PBXBuildFile; fileRef = 5803CF941802195A00ABDE8E /* HDAppDelegate.m */; };
		5803CF971802195A00ABDE8E /* Images.xcassets in Resources */ = {isa = PBXBuildFile; fileRef = 5803CF961802195A00ABDE8E /* Images.xcassets */; };
		5803CF9E1802195A00ABDE8E /* XCTest.framework in Frameworks */ = {isa = PBXBuildFile; fileRef = 5803CF9D1802195A00ABDE8E /* XCTest.framework */; };
		5803CF9F1802195A00ABDE8E /* Foundation.framework in Frameworks */ = {isa = PBXBuildFile; fileRef = 5803CF841802195A00ABDE8E /* Foundation.framework */; };
		5803CFA01802195A00ABDE8E /* UIKit.framework in Frameworks */ = {isa = PBXBuildFile; fileRef = 5803CF881802195A00ABDE8E /* UIKit.framework */; };
		5803CFA81802195A00ABDE8E /* InfoPlist.strings in Resources */ = {isa = PBXBuildFile; fileRef = 5803CFA61802195A00ABDE8E /* InfoPlist.strings */; };
		5803CFAA1802195A00ABDE8E /* HamDigTests.m in Sources */ = {isa = PBXBuildFile; fileRef = 5803CFA91802195A00ABDE8E /* HamDigTests.m */; };
		5803CFB418021BB200ABDE8E /* Storyboard.storyboard in Resources */ = {isa = PBXBuildFile; fileRef = 5803CFB318021BB200ABDE8E /* Storyboard.storyboard */; };
		584B04FB183288BD002F270E /* HDSaveFormViewController.m in Sources */ = {isa = PBXBuildFile; fileRef = 584B04FA183288BD002F270E /* HDSaveFormViewController.m */; };
		9A7DE36B1832D99C00839976 /* HDMainMenuViewController.m in Sources */ = {isa = PBXBuildFile; fileRef = 9A7DE36A1832D99C00839976 /* HDMainMenuViewController.m */; };
		9A9B492818295B4400188E0B /* HDEditFormsViewController.m in Sources */ = {isa = PBXBuildFile; fileRef = 9A9B492718295B4400188E0B /* HDEditFormsViewController.m */; };
		9A9D483E185030D900F72473 /* HDBackMenuViewController.m in Sources */ = {isa = PBXBuildFile; fileRef = 9A9D483D185030D900F72473 /* HDBackMenuViewController.m */; };
		9AE8ED53183C313700C7CCB8 /* HDTabFormViewController.m in Sources */ = {isa = PBXBuildFile; fileRef = 9AE8ED52183C313700C7CCB8 /* HDTabFormViewController.m */; };
		CC6530A1181995E400212871 /* HDPopovers.m in Sources */ = {isa = PBXBuildFile; fileRef = CC6530A0181995E400212871 /* HDPopovers.m */; };
/* End PBXBuildFile section */

/* Begin PBXContainerItemProxy section */
		5803CFA11802195A00ABDE8E /* PBXContainerItemProxy */ = {
			isa = PBXContainerItemProxy;
			containerPortal = 5803CF791802195A00ABDE8E /* Project object */;
			proxyType = 1;
			remoteGlobalIDString = 5803CF801802195A00ABDE8E;
			remoteInfo = HamDig;
		};
/* End PBXContainerItemProxy section */

/* Begin PBXFileReference section */
		244B60851820A2DD0043C0B5 /* HDCulturalMaterialsViewController.h */ = {isa = PBXFileReference; fileEncoding = 4; lastKnownFileType = sourcecode.c.h; path = HDCulturalMaterialsViewController.h; sourceTree = "<group>"; };
		244B60861820A2DD0043C0B5 /* HDCulturalMaterialsViewController.m */ = {isa = PBXFileReference; fileEncoding = 4; lastKnownFileType = sourcecode.c.objc; path = HDCulturalMaterialsViewController.m; sourceTree = "<group>"; };
		244B60881820A4500043C0B5 /* HDViewControllerSavingAppDelegate.h */ = {isa = PBXFileReference; fileEncoding = 4; lastKnownFileType = sourcecode.c.h; path = HDViewControllerSavingAppDelegate.h; sourceTree = "<group>"; };
		244B60891820A9E40043C0B5 /* HDPlanDrawingViewController.h */ = {isa = PBXFileReference; fileEncoding = 4; lastKnownFileType = sourcecode.c.h; path = HDPlanDrawingViewController.h; sourceTree = "<group>"; };
		244B608A1820A9E40043C0B5 /* HDPlanDrawingViewController.m */ = {isa = PBXFileReference; fileEncoding = 4; lastKnownFileType = sourcecode.c.objc; path = HDPlanDrawingViewController.m; sourceTree = "<group>"; };
		24E311BC18204BA400549078 /* HDLevelFormObject.h */ = {isa = PBXFileReference; fileEncoding = 4; lastKnownFileType = sourcecode.c.h; path = HDLevelFormObject.h; sourceTree = "<group>"; };
		24E311BD18204BA400549078 /* HDLevelFormObject.m */ = {isa = PBXFileReference; fileEncoding = 4; lastKnownFileType = sourcecode.c.objc; path = HDLevelFormObject.m; sourceTree = "<group>"; };
		24E311BF1820521500549078 /* HDProvenienceDataViewController.h */ = {isa = PBXFileReference; fileEncoding = 4; lastKnownFileType = sourcecode.c.h; path = HDProvenienceDataViewController.h; sourceTree = "<group>"; };
		24E311C01820521500549078 /* HDProvenienceDataViewController.m */ = {isa = PBXFileReference; fileEncoding = 4; lastKnownFileType = sourcecode.c.objc; path = HDProvenienceDataViewController.m; sourceTree = "<group>"; };
		24E311C2182053ED00549078 /* HDNarrativeViewController.h */ = {isa = PBXFileReference; fileEncoding = 4; lastKnownFileType = sourcecode.c.h; path = HDNarrativeViewController.h; sourceTree = "<group>"; };
		24E311C3182053ED00549078 /* HDNarrativeViewController.m */ = {isa = PBXFileReference; fileEncoding = 4; lastKnownFileType = sourcecode.c.objc; path = HDNarrativeViewController.m; sourceTree = "<group>"; };
		24E311C61820597800549078 /* HDViewControllerSavingAppDelegate.m */ = {isa = PBXFileReference; fileEncoding = 4; lastKnownFileType = sourcecode.c.objc; path = HDViewControllerSavingAppDelegate.m; sourceTree = "<group>"; };
		24E311C91820617E00549078 /* HDLFObject.h */ = {isa = PBXFileReference; fileEncoding = 4; lastKnownFileType = sourcecode.c.h; path = HDLFObject.h; sourceTree = "<group>"; };
		24E311CA1820617E00549078 /* HDLFObject.m */ = {isa = PBXFileReference; fileEncoding = 4; lastKnownFileType = sourcecode.c.objc; path = HDLFObject.m; sourceTree = "<group>"; };
		5803CF811802195A00ABDE8E /* HamDig.app */ = {isa = PBXFileReference; explicitFileType = wrapper.application; includeInIndex = 0; path = HamDig.app; sourceTree = BUILT_PRODUCTS_DIR; };
		5803CF841802195A00ABDE8E /* Foundation.framework */ = {isa = PBXFileReference; lastKnownFileType = wrapper.framework; name = Foundation.framework; path = System/Library/Frameworks/Foundation.framework; sourceTree = SDKROOT; };
		5803CF861802195A00ABDE8E /* CoreGraphics.framework */ = {isa = PBXFileReference; lastKnownFileType = wrapper.framework; name = CoreGraphics.framework; path = System/Library/Frameworks/CoreGraphics.framework; sourceTree = SDKROOT; };
		5803CF881802195A00ABDE8E /* UIKit.framework */ = {isa = PBXFileReference; lastKnownFileType = wrapper.framework; name = UIKit.framework; path = System/Library/Frameworks/UIKit.framework; sourceTree = SDKROOT; };
		5803CF8C1802195A00ABDE8E /* HamDig-Info.plist */ = {isa = PBXFileReference; lastKnownFileType = text.plist.xml; path = "HamDig-Info.plist"; sourceTree = "<group>"; };
		5803CF8E1802195A00ABDE8E /* en */ = {isa = PBXFileReference; lastKnownFileType = text.plist.strings; name = en; path = en.lproj/InfoPlist.strings; sourceTree = "<group>"; };
		5803CF901802195A00ABDE8E /* main.m */ = {isa = PBXFileReference; lastKnownFileType = sourcecode.c.objc; path = main.m; sourceTree = "<group>"; };
		5803CF921802195A00ABDE8E /* HamDig-Prefix.pch */ = {isa = PBXFileReference; lastKnownFileType = sourcecode.c.h; path = "HamDig-Prefix.pch"; sourceTree = "<group>"; };
		5803CF931802195A00ABDE8E /* HDAppDelegate.h */ = {isa = PBXFileReference; lastKnownFileType = sourcecode.c.h; path = HDAppDelegate.h; sourceTree = "<group>"; };
		5803CF941802195A00ABDE8E /* HDAppDelegate.m */ = {isa = PBXFileReference; lastKnownFileType = sourcecode.c.objc; path = HDAppDelegate.m; sourceTree = "<group>"; };
		5803CF961802195A00ABDE8E /* Images.xcassets */ = {isa = PBXFileReference; lastKnownFileType = folder.assetcatalog; path = Images.xcassets; sourceTree = "<group>"; };
		5803CF9C1802195A00ABDE8E /* HamDigTests.xctest */ = {isa = PBXFileReference; explicitFileType = wrapper.cfbundle; includeInIndex = 0; path = HamDigTests.xctest; sourceTree = BUILT_PRODUCTS_DIR; };
		5803CF9D1802195A00ABDE8E /* XCTest.framework */ = {isa = PBXFileReference; lastKnownFileType = wrapper.framework; name = XCTest.framework; path = Library/Frameworks/XCTest.framework; sourceTree = DEVELOPER_DIR; };
		5803CFA51802195A00ABDE8E /* HamDigTests-Info.plist */ = {isa = PBXFileReference; lastKnownFileType = text.plist.xml; path = "HamDigTests-Info.plist"; sourceTree = "<group>"; };
		5803CFA71802195A00ABDE8E /* en */ = {isa = PBXFileReference; lastKnownFileType = text.plist.strings; name = en; path = en.lproj/InfoPlist.strings; sourceTree = "<group>"; };
		5803CFA91802195A00ABDE8E /* HamDigTests.m */ = {isa = PBXFileReference; lastKnownFileType = sourcecode.c.objc; path = HamDigTests.m; sourceTree = "<group>"; };
		5803CFB318021BB200ABDE8E /* Storyboard.storyboard */ = {isa = PBXFileReference; fileEncoding = 4; lastKnownFileType = file.storyboard; path = Storyboard.storyboard; sourceTree = "<group>"; };
		584B04F9183288BD002F270E /* HDSaveFormViewController.h */ = {isa = PBXFileReference; fileEncoding = 4; lastKnownFileType = sourcecode.c.h; path = HDSaveFormViewController.h; sourceTree = "<group>"; };
		584B04FA183288BD002F270E /* HDSaveFormViewController.m */ = {isa = PBXFileReference; fileEncoding = 4; lastKnownFileType = sourcecode.c.objc; path = HDSaveFormViewController.m; sourceTree = "<group>"; };
		9A7DE3691832D99C00839976 /* HDMainMenuViewController.h */ = {isa = PBXFileReference; fileEncoding = 4; lastKnownFileType = sourcecode.c.h; path = HDMainMenuViewController.h; sourceTree = "<group>"; };
		9A7DE36A1832D99C00839976 /* HDMainMenuViewController.m */ = {isa = PBXFileReference; fileEncoding = 4; lastKnownFileType = sourcecode.c.objc; path = HDMainMenuViewController.m; sourceTree = "<group>"; };
		9A9B492618295B4400188E0B /* HDEditFormsViewController.h */ = {isa = PBXFileReference; fileEncoding = 4; lastKnownFileType = sourcecode.c.h; path = HDEditFormsViewController.h; sourceTree = "<group>"; };
		9A9B492718295B4400188E0B /* HDEditFormsViewController.m */ = {isa = PBXFileReference; fileEncoding = 4; lastKnownFileType = sourcecode.c.objc; path = HDEditFormsViewController.m; sourceTree = "<group>"; };
		9A9D483C185030D900F72473 /* HDBackMenuViewController.h */ = {isa = PBXFileReference; fileEncoding = 4; lastKnownFileType = sourcecode.c.h; path = HDBackMenuViewController.h; sourceTree = "<group>"; };
		9A9D483D185030D900F72473 /* HDBackMenuViewController.m */ = {isa = PBXFileReference; fileEncoding = 4; lastKnownFileType = sourcecode.c.objc; path = HDBackMenuViewController.m; sourceTree = "<group>"; };
		9AE8ED51183C313700C7CCB8 /* HDTabFormViewController.h */ = {isa = PBXFileReference; fileEncoding = 4; lastKnownFileType = sourcecode.c.h; path = HDTabFormViewController.h; sourceTree = "<group>"; };
		9AE8ED52183C313700C7CCB8 /* HDTabFormViewController.m */ = {isa = PBXFileReference; fileEncoding = 4; lastKnownFileType = sourcecode.c.objc; path = HDTabFormViewController.m; sourceTree = "<group>"; };
		CC65309F181995E400212871 /* HDPopovers.h */ = {isa = PBXFileReference; fileEncoding = 4; lastKnownFileType = sourcecode.c.h; path = HDPopovers.h; sourceTree = "<group>"; };
		CC6530A0181995E400212871 /* HDPopovers.m */ = {isa = PBXFileReference; fileEncoding = 4; lastKnownFileType = sourcecode.c.objc; path = HDPopovers.m; sourceTree = "<group>"; };
/* End PBXFileReference section */

/* Begin PBXFrameworksBuildPhase section */
		5803CF7E1802195A00ABDE8E /* Frameworks */ = {
			isa = PBXFrameworksBuildPhase;
			buildActionMask = 2147483647;
			files = (
				5803CF871802195A00ABDE8E /* CoreGraphics.framework in Frameworks */,
				5803CF891802195A00ABDE8E /* UIKit.framework in Frameworks */,
				5803CF851802195A00ABDE8E /* Foundation.framework in Frameworks */,
			);
			runOnlyForDeploymentPostprocessing = 0;
		};
		5803CF991802195A00ABDE8E /* Frameworks */ = {
			isa = PBXFrameworksBuildPhase;
			buildActionMask = 2147483647;
			files = (
				5803CF9E1802195A00ABDE8E /* XCTest.framework in Frameworks */,
				5803CFA01802195A00ABDE8E /* UIKit.framework in Frameworks */,
				5803CF9F1802195A00ABDE8E /* Foundation.framework in Frameworks */,
			);
			runOnlyForDeploymentPostprocessing = 0;
		};
/* End PBXFrameworksBuildPhase section */

/* Begin PBXGroup section */
		244B608C1820B0870043C0B5 /* Level Form Object Classes */ = {
			isa = PBXGroup;
			children = (
				24E311BC18204BA400549078 /* HDLevelFormObject.h */,
				24E311BD18204BA400549078 /* HDLevelFormObject.m */,
				24E311C91820617E00549078 /* HDLFObject.h */,
				24E311CA1820617E00549078 /* HDLFObject.m */,
			);
			name = "Level Form Object Classes";
			sourceTree = "<group>";
		};
		5803CF781802195A00ABDE8E = {
			isa = PBXGroup;
			children = (
				5803CF8A1802195A00ABDE8E /* HamDig */,
				5803CFA31802195A00ABDE8E /* HamDigTests */,
				5803CF831802195A00ABDE8E /* Frameworks */,
				5803CF821802195A00ABDE8E /* Products */,
			);
			sourceTree = "<group>";
		};
		5803CF821802195A00ABDE8E /* Products */ = {
			isa = PBXGroup;
			children = (
				5803CF811802195A00ABDE8E /* HamDig.app */,
				5803CF9C1802195A00ABDE8E /* HamDigTests.xctest */,
			);
			name = Products;
			sourceTree = "<group>";
		};
		5803CF831802195A00ABDE8E /* Frameworks */ = {
			isa = PBXGroup;
			children = (
				5803CF841802195A00ABDE8E /* Foundation.framework */,
				5803CF861802195A00ABDE8E /* CoreGraphics.framework */,
				5803CF881802195A00ABDE8E /* UIKit.framework */,
				5803CF9D1802195A00ABDE8E /* XCTest.framework */,
			);
			name = Frameworks;
			sourceTree = "<group>";
		};
		5803CF8A1802195A00ABDE8E /* HamDig */ = {
			isa = PBXGroup;
			children = (
				5803CFB318021BB200ABDE8E /* Storyboard.storyboard */,
				584B04F8183286C0002F270E /* Save Form View Controller */,
				244B608C1820B0870043C0B5 /* Level Form Object Classes */,
				CC65309D1819955D00212871 /* Popover Helpers */,
				CC5D26FE1831532F0016312F /* App Delegate */,
				CC5D26FD1831530E0016312F /* Edit Forms View Controller */,
				CC5D26FC183152FE0016312F /* Saving App Delegate */,
				CC5D26FB183152EB0016312F /* Provenience Data View Controller */,
				CC5D26FA183152DC0016312F /* Plan Drawing View Controller */,
				CC5D26F9183152CB0016312F /* Cultural Materials View Controller */,
				CC5D26F8183152B60016312F /* Narrative View Controller */,
				CCBC130F185514C900975E30 /* Tab Form View Controller */,
				CCBC1310185514E100975E30 /* Back Menu View Controller */,
				CCBC1311185514EF00975E30 /* Main Menu View Controller */,
				5803CF961802195A00ABDE8E /* Images.xcassets */,
				5803CF8B1802195A00ABDE8E /* Supporting Files */,
			);
			path = HamDig;
			sourceTree = "<group>";
		};
		5803CF8B1802195A00ABDE8E /* Supporting Files */ = {
			isa = PBXGroup;
			children = (
				5803CF8C1802195A00ABDE8E /* HamDig-Info.plist */,
				5803CF8D1802195A00ABDE8E /* InfoPlist.strings */,
				5803CF901802195A00ABDE8E /* main.m */,
				5803CF921802195A00ABDE8E /* HamDig-Prefix.pch */,
			);
			name = "Supporting Files";
			sourceTree = "<group>";
		};
		5803CFA31802195A00ABDE8E /* HamDigTests */ = {
			isa = PBXGroup;
			children = (
				5803CFA91802195A00ABDE8E /* HamDigTests.m */,
				5803CFA41802195A00ABDE8E /* Supporting Files */,
			);
			path = HamDigTests;
			sourceTree = "<group>";
		};
		5803CFA41802195A00ABDE8E /* Supporting Files */ = {
			isa = PBXGroup;
			children = (
				5803CFA51802195A00ABDE8E /* HamDigTests-Info.plist */,
				5803CFA61802195A00ABDE8E /* InfoPlist.strings */,
			);
			name = "Supporting Files";
			sourceTree = "<group>";
		};
		584B04F8183286C0002F270E /* Save Form View Controller */ = {
			isa = PBXGroup;
			children = (
				584B04F9183288BD002F270E /* HDSaveFormViewController.h */,
				584B04FA183288BD002F270E /* HDSaveFormViewController.m */,
			);
			name = "Save Form View Controller";
			sourceTree = "<group>";
		};
		CC5D26F8183152B60016312F /* Narrative View Controller */ = {
			isa = PBXGroup;
			children = (
				24E311C2182053ED00549078 /* HDNarrativeViewController.h */,
				24E311C3182053ED00549078 /* HDNarrativeViewController.m */,
			);
			name = "Narrative View Controller";
			sourceTree = "<group>";
		};
		CC5D26F9183152CB0016312F /* Cultural Materials View Controller */ = {
			isa = PBXGroup;
			children = (
				244B60851820A2DD0043C0B5 /* HDCulturalMaterialsViewController.h */,
				244B60861820A2DD0043C0B5 /* HDCulturalMaterialsViewController.m */,
			);
			name = "Cultural Materials View Controller";
			sourceTree = "<group>";
		};
		CC5D26FA183152DC0016312F /* Plan Drawing View Controller */ = {
			isa = PBXGroup;
			children = (
				244B60891820A9E40043C0B5 /* HDPlanDrawingViewController.h */,
				244B608A1820A9E40043C0B5 /* HDPlanDrawingViewController.m */,
			);
			name = "Plan Drawing View Controller";
			sourceTree = "<group>";
		};
		CC5D26FB183152EB0016312F /* Provenience Data View Controller */ = {
			isa = PBXGroup;
			children = (
				24E311BF1820521500549078 /* HDProvenienceDataViewController.h */,
				24E311C01820521500549078 /* HDProvenienceDataViewController.m */,
			);
			name = "Provenience Data View Controller";
			sourceTree = "<group>";
		};
		CC5D26FC183152FE0016312F /* Saving App Delegate */ = {
			isa = PBXGroup;
			children = (
				24E311C61820597800549078 /* HDViewControllerSavingAppDelegate.m */,
				244B60881820A4500043C0B5 /* HDViewControllerSavingAppDelegate.h */,
			);
			name = "Saving App Delegate";
			sourceTree = "<group>";
		};
		CC5D26FD1831530E0016312F /* Edit Forms View Controller */ = {
			isa = PBXGroup;
			children = (
				9A9B492618295B4400188E0B /* HDEditFormsViewController.h */,
				9A9B492718295B4400188E0B /* HDEditFormsViewController.m */,
			);
			name = "Edit Forms View Controller";
			sourceTree = "<group>";
		};
		CC5D26FE1831532F0016312F /* App Delegate */ = {
			isa = PBXGroup;
			children = (
				5803CF931802195A00ABDE8E /* HDAppDelegate.h */,
				5803CF941802195A00ABDE8E /* HDAppDelegate.m */,
			);
			name = "App Delegate";
			sourceTree = "<group>";
		};
		CC65309D1819955D00212871 /* Popover Helpers */ = {
			isa = PBXGroup;
			children = (
				CC65309F181995E400212871 /* HDPopovers.h */,
				CC6530A0181995E400212871 /* HDPopovers.m */,
			);
			name = "Popover Helpers";
			sourceTree = "<group>";
		};
		CCBC130F185514C900975E30 /* Tab Form View Controller */ = {
			isa = PBXGroup;
			children = (
				9AE8ED51183C313700C7CCB8 /* HDTabFormViewController.h */,
				9AE8ED52183C313700C7CCB8 /* HDTabFormViewController.m */,
			);
			name = "Tab Form View Controller";
			sourceTree = "<group>";
		};
		CCBC1310185514E100975E30 /* Back Menu View Controller */ = {
			isa = PBXGroup;
			children = (
				9A9D483C185030D900F72473 /* HDBackMenuViewController.h */,
				9A9D483D185030D900F72473 /* HDBackMenuViewController.m */,
			);
			name = "Back Menu View Controller";
			sourceTree = "<group>";
		};
		CCBC1311185514EF00975E30 /* Main Menu View Controller */ = {
			isa = PBXGroup;
			children = (
				9A7DE3691832D99C00839976 /* HDMainMenuViewController.h */,
				9A7DE36A1832D99C00839976 /* HDMainMenuViewController.m */,
			);
			name = "Main Menu View Controller";
			sourceTree = "<group>";
		};
/* End PBXGroup section */

/* Begin PBXNativeTarget section */
		5803CF801802195A00ABDE8E /* HamDig */ = {
			isa = PBXNativeTarget;
			buildConfigurationList = 5803CFAD1802195A00ABDE8E /* Build configuration list for PBXNativeTarget "HamDig" */;
			buildPhases = (
				5803CF7D1802195A00ABDE8E /* Sources */,
				5803CF7E1802195A00ABDE8E /* Frameworks */,
				5803CF7F1802195A00ABDE8E /* Resources */,
			);
			buildRules = (
			);
			dependencies = (
			);
			name = HamDig;
			productName = HamDig;
			productReference = 5803CF811802195A00ABDE8E /* HamDig.app */;
			productType = "com.apple.product-type.application";
		};
		5803CF9B1802195A00ABDE8E /* HamDigTests */ = {
			isa = PBXNativeTarget;
			buildConfigurationList = 5803CFB01802195A00ABDE8E /* Build configuration list for PBXNativeTarget "HamDigTests" */;
			buildPhases = (
				5803CF981802195A00ABDE8E /* Sources */,
				5803CF991802195A00ABDE8E /* Frameworks */,
				5803CF9A1802195A00ABDE8E /* Resources */,
			);
			buildRules = (
			);
			dependencies = (
				5803CFA21802195A00ABDE8E /* PBXTargetDependency */,
			);
			name = HamDigTests;
			productName = HamDigTests;
			productReference = 5803CF9C1802195A00ABDE8E /* HamDigTests.xctest */;
			productType = "com.apple.product-type.bundle.unit-test";
		};
/* End PBXNativeTarget section */

/* Begin PBXProject section */
		5803CF791802195A00ABDE8E /* Project object */ = {
			isa = PBXProject;
			attributes = {
				CLASSPREFIX = HD;
				LastUpgradeCheck = 0500;
				ORGANIZATIONNAME = "Hamilton College";
				TargetAttributes = {
					5803CF801802195A00ABDE8E = {
						DevelopmentTeam = 395E3866XH;
					};
					5803CF9B1802195A00ABDE8E = {
						TestTargetID = 5803CF801802195A00ABDE8E;
					};
				};
			};
			buildConfigurationList = 5803CF7C1802195A00ABDE8E /* Build configuration list for PBXProject "HamDig" */;
			compatibilityVersion = "Xcode 3.2";
			developmentRegion = English;
			hasScannedForEncodings = 0;
			knownRegions = (
				en,
			);
			mainGroup = 5803CF781802195A00ABDE8E;
			productRefGroup = 5803CF821802195A00ABDE8E /* Products */;
			projectDirPath = "";
			projectRoot = "";
			targets = (
				5803CF801802195A00ABDE8E /* HamDig */,
				5803CF9B1802195A00ABDE8E /* HamDigTests */,
			);
		};
/* End PBXProject section */

/* Begin PBXResourcesBuildPhase section */
		5803CF7F1802195A00ABDE8E /* Resources */ = {
			isa = PBXResourcesBuildPhase;
			buildActionMask = 2147483647;
			files = (
				5803CF8F1802195A00ABDE8E /* InfoPlist.strings in Resources */,
				5803CF971802195A00ABDE8E /* Images.xcassets in Resources */,
				5803CFB418021BB200ABDE8E /* Storyboard.storyboard in Resources */,
			);
			runOnlyForDeploymentPostprocessing = 0;
		};
		5803CF9A1802195A00ABDE8E /* Resources */ = {
			isa = PBXResourcesBuildPhase;
			buildActionMask = 2147483647;
			files = (
				5803CFA81802195A00ABDE8E /* InfoPlist.strings in Resources */,
			);
			runOnlyForDeploymentPostprocessing = 0;
		};
/* End PBXResourcesBuildPhase section */

/* Begin PBXSourcesBuildPhase section */
		5803CF7D1802195A00ABDE8E /* Sources */ = {
			isa = PBXSourcesBuildPhase;
			buildActionMask = 2147483647;
			files = (
				9AE8ED53183C313700C7CCB8 /* HDTabFormViewController.m in Sources */,
				9A7DE36B1832D99C00839976 /* HDMainMenuViewController.m in Sources */,
				24E311C4182053ED00549078 /* HDNarrativeViewController.m in Sources */,
				244B60871820A2DD0043C0B5 /* HDCulturalMaterialsViewController.m in Sources */,
				244B608B1820A9E40043C0B5 /* HDPlanDrawingViewController.m in Sources */,
				584B04FB183288BD002F270E /* HDSaveFormViewController.m in Sources */,
				9A9D483E185030D900F72473 /* HDBackMenuViewController.m in Sources */,
				24E311C11820521500549078 /* HDProvenienceDataViewController.m in Sources */,
				9A9B492818295B4400188E0B /* HDEditFormsViewController.m in Sources */,
				24E311BE18204BA400549078 /* HDLevelFormObject.m in Sources */,
				24E311CB1820617E00549078 /* HDLFObject.m in Sources */,
				CC6530A1181995E400212871 /* HDPopovers.m in Sources */,
				24E311C71820597800549078 /* HDViewControllerSavingAppDelegate.m in Sources */,
				5803CF951802195A00ABDE8E /* HDAppDelegate.m in Sources */,
				5803CF911802195A00ABDE8E /* main.m in Sources */,
			);
			runOnlyForDeploymentPostprocessing = 0;
		};
		5803CF981802195A00ABDE8E /* Sources */ = {
			isa = PBXSourcesBuildPhase;
			buildActionMask = 2147483647;
			files = (
				5803CFAA1802195A00ABDE8E /* HamDigTests.m in Sources */,
			);
			runOnlyForDeploymentPostprocessing = 0;
		};
/* End PBXSourcesBuildPhase section */

/* Begin PBXTargetDependency section */
		5803CFA21802195A00ABDE8E /* PBXTargetDependency */ = {
			isa = PBXTargetDependency;
			target = 5803CF801802195A00ABDE8E /* HamDig */;
			targetProxy = 5803CFA11802195A00ABDE8E /* PBXContainerItemProxy */;
		};
/* End PBXTargetDependency section */

/* Begin PBXVariantGroup section */
		5803CF8D1802195A00ABDE8E /* InfoPlist.strings */ = {
			isa = PBXVariantGroup;
			children = (
				5803CF8E1802195A00ABDE8E /* en */,
			);
			name = InfoPlist.strings;
			sourceTree = "<group>";
		};
		5803CFA61802195A00ABDE8E /* InfoPlist.strings */ = {
			isa = PBXVariantGroup;
			children = (
				5803CFA71802195A00ABDE8E /* en */,
			);
			name = InfoPlist.strings;
			sourceTree = "<group>";
		};
/* End PBXVariantGroup section */

/* Begin XCBuildConfiguration section */
		5803CFAB1802195A00ABDE8E /* Debug */ = {
			isa = XCBuildConfiguration;
			buildSettings = {
				ALWAYS_SEARCH_USER_PATHS = NO;
				ARCHS = "$(ARCHS_STANDARD_INCLUDING_64_BIT)";
				CLANG_CXX_LANGUAGE_STANDARD = "gnu++0x";
				CLANG_CXX_LIBRARY = "libc++";
				CLANG_ENABLE_MODULES = YES;
				CLANG_ENABLE_OBJC_ARC = YES;
				CLANG_WARN_BOOL_CONVERSION = YES;
				CLANG_WARN_CONSTANT_CONVERSION = YES;
				CLANG_WARN_DIRECT_OBJC_ISA_USAGE = YES_ERROR;
				CLANG_WARN_EMPTY_BODY = YES;
				CLANG_WARN_ENUM_CONVERSION = YES;
				CLANG_WARN_INT_CONVERSION = YES;
				CLANG_WARN_OBJC_ROOT_CLASS = YES_ERROR;
				CLANG_WARN__DUPLICATE_METHOD_MATCH = YES;
				"CODE_SIGN_IDENTITY[sdk=iphoneos*]" = "iPhone Developer";
				COPY_PHASE_STRIP = NO;
				GCC_C_LANGUAGE_STANDARD = gnu99;
				GCC_DYNAMIC_NO_PIC = NO;
				GCC_OPTIMIZATION_LEVEL = 0;
				GCC_PREPROCESSOR_DEFINITIONS = (
					"DEBUG=1",
					"$(inherited)",
				);
				GCC_SYMBOLS_PRIVATE_EXTERN = NO;
				GCC_WARN_64_TO_32_BIT_CONVERSION = YES;
				GCC_WARN_ABOUT_RETURN_TYPE = YES_ERROR;
				GCC_WARN_UNDECLARED_SELECTOR = YES;
				GCC_WARN_UNINITIALIZED_AUTOS = YES;
				GCC_WARN_UNUSED_FUNCTION = YES;
				GCC_WARN_UNUSED_VARIABLE = YES;
				IPHONEOS_DEPLOYMENT_TARGET = 7.0;
				ONLY_ACTIVE_ARCH = YES;
				SDKROOT = iphoneos;
				TARGETED_DEVICE_FAMILY = 2;
			};
			name = Debug;
		};
		5803CFAC1802195A00ABDE8E /* Release */ = {
			isa = XCBuildConfiguration;
			buildSettings = {
				ALWAYS_SEARCH_USER_PATHS = NO;
				ARCHS = "$(ARCHS_STANDARD_INCLUDING_64_BIT)";
				CLANG_CXX_LANGUAGE_STANDARD = "gnu++0x";
				CLANG_CXX_LIBRARY = "libc++";
				CLANG_ENABLE_MODULES = YES;
				CLANG_ENABLE_OBJC_ARC = YES;
				CLANG_WARN_BOOL_CONVERSION = YES;
				CLANG_WARN_CONSTANT_CONVERSION = YES;
				CLANG_WARN_DIRECT_OBJC_ISA_USAGE = YES_ERROR;
				CLANG_WARN_EMPTY_BODY = YES;
				CLANG_WARN_ENUM_CONVERSION = YES;
				CLANG_WARN_INT_CONVERSION = YES;
				CLANG_WARN_OBJC_ROOT_CLASS = YES_ERROR;
				CLANG_WARN__DUPLICATE_METHOD_MATCH = YES;
				"CODE_SIGN_IDENTITY[sdk=iphoneos*]" = "iPhone Developer";
				COPY_PHASE_STRIP = YES;
				ENABLE_NS_ASSERTIONS = NO;
				GCC_C_LANGUAGE_STANDARD = gnu99;
				GCC_WARN_64_TO_32_BIT_CONVERSION = YES;
				GCC_WARN_ABOUT_RETURN_TYPE = YES_ERROR;
				GCC_WARN_UNDECLARED_SELECTOR = YES;
				GCC_WARN_UNINITIALIZED_AUTOS = YES;
				GCC_WARN_UNUSED_FUNCTION = YES;
				GCC_WARN_UNUSED_VARIABLE = YES;
				IPHONEOS_DEPLOYMENT_TARGET = 7.0;
				SDKROOT = iphoneos;
				TARGETED_DEVICE_FAMILY = 2;
				VALIDATE_PRODUCT = YES;
			};
			name = Release;
		};
		5803CFAE1802195A00ABDE8E /* Debug */ = {
			isa = XCBuildConfiguration;
			buildSettings = {
				ASSETCATALOG_COMPILER_APPICON_NAME = AppIcon;
				ASSETCATALOG_COMPILER_LAUNCHIMAGE_NAME = LaunchImage;
				CODE_SIGN_IDENTITY = "iPhone Developer";
				"CODE_SIGN_IDENTITY[sdk=iphoneos*]" = "iPhone Developer";
				GCC_PRECOMPILE_PREFIX_HEADER = YES;
				GCC_PREFIX_HEADER = "HamDig/HamDig-Prefix.pch";
				INFOPLIST_FILE = "HamDig/HamDig-Info.plist";
				PRODUCT_NAME = "$(TARGET_NAME)";
				PROVISIONING_PROFILE = "";
				WRAPPER_EXTENSION = app;
			};
			name = Debug;
		};
		5803CFAF1802195A00ABDE8E /* Release */ = {
			isa = XCBuildConfiguration;
			buildSettings = {
				ASSETCATALOG_COMPILER_APPICON_NAME = AppIcon;
				ASSETCATALOG_COMPILER_LAUNCHIMAGE_NAME = LaunchImage;
				CODE_SIGN_IDENTITY = "iPhone Developer";
				"CODE_SIGN_IDENTITY[sdk=iphoneos*]" = "iPhone Developer";
				GCC_PRECOMPILE_PREFIX_HEADER = YES;
				GCC_PREFIX_HEADER = "HamDig/HamDig-Prefix.pch";
				INFOPLIST_FILE = "HamDig/HamDig-Info.plist";
				PRODUCT_NAME = "$(TARGET_NAME)";
				PROVISIONING_PROFILE = "";
				WRAPPER_EXTENSION = app;
			};
			name = Release;
		};
		5803CFB11802195A00ABDE8E /* Debug */ = {
			isa = XCBuildConfiguration;
			buildSettings = {
				ARCHS = "$(ARCHS_STANDARD_INCLUDING_64_BIT)";
				BUNDLE_LOADER = "$(BUILT_PRODUCTS_DIR)/HamDig.app/HamDig";
				FRAMEWORK_SEARCH_PATHS = (
					"$(SDKROOT)/Developer/Library/Frameworks",
					"$(inherited)",
					"$(DEVELOPER_FRAMEWORKS_DIR)",
				);
				GCC_PRECOMPILE_PREFIX_HEADER = YES;
				GCC_PREFIX_HEADER = "HamDig/HamDig-Prefix.pch";
				GCC_PREPROCESSOR_DEFINITIONS = (
					"DEBUG=1",
					"$(inherited)",
				);
				INFOPLIST_FILE = "HamDigTests/HamDigTests-Info.plist";
				PRODUCT_NAME = "$(TARGET_NAME)";
				TEST_HOST = "$(BUNDLE_LOADER)";
				WRAPPER_EXTENSION = xctest;
			};
			name = Debug;
		};
		5803CFB21802195A00ABDE8E /* Release */ = {
			isa = XCBuildConfiguration;
			buildSettings = {
				ARCHS = "$(ARCHS_STANDARD_INCLUDING_64_BIT)";
				BUNDLE_LOADER = "$(BUILT_PRODUCTS_DIR)/HamDig.app/HamDig";
				FRAMEWORK_SEARCH_PATHS = (
					"$(SDKROOT)/Developer/Library/Frameworks",
					"$(inherited)",
					"$(DEVELOPER_FRAMEWORKS_DIR)",
				);
				GCC_PRECOMPILE_PREFIX_HEADER = YES;
				GCC_PREFIX_HEADER = "HamDig/HamDig-Prefix.pch";
				INFOPLIST_FILE = "HamDigTests/HamDigTests-Info.plist";
				PRODUCT_NAME = "$(TARGET_NAME)";
				TEST_HOST = "$(BUNDLE_LOADER)";
				WRAPPER_EXTENSION = xctest;
			};
			name = Release;
		};
/* End XCBuildConfiguration section */

/* Begin XCConfigurationList section */
		5803CF7C1802195A00ABDE8E /* Build configuration list for PBXProject "HamDig" */ = {
			isa = XCConfigurationList;
			buildConfigurations = (
				5803CFAB1802195A00ABDE8E /* Debug */,
				5803CFAC1802195A00ABDE8E /* Release */,
			);
			defaultConfigurationIsVisible = 0;
			defaultConfigurationName = Release;
		};
		5803CFAD1802195A00ABDE8E /* Build configuration list for PBXNativeTarget "HamDig" */ = {
			isa = XCConfigurationList;
			buildConfigurations = (
				5803CFAE1802195A00ABDE8E /* Debug */,
				5803CFAF1802195A00ABDE8E /* Release */,
			);
			defaultConfigurationIsVisible = 0;
			defaultConfigurationName = Release;
		};
		5803CFB01802195A00ABDE8E /* Build configuration list for PBXNativeTarget "HamDigTests" */ = {
			isa = XCConfigurationList;
			buildConfigurations = (
				5803CFB11802195A00ABDE8E /* Debug */,
				5803CFB21802195A00ABDE8E /* Release */,
			);
			defaultConfigurationIsVisible = 0;
			defaultConfigurationName = Release;
		};
/* End XCConfigurationList section */
	};
	rootObject = 5803CF791802195A00ABDE8E /* Project object */;
}
